
Microsoft Visual Studio Solution File, Format Version 12.00
# Visual Studio Version 17
VisualStudioVersion = 17.4.33103.184
MinimumVisualStudioVersion = 10.0.40219.1
Project("{9A19103F-16F7-4668-BE54-9A1E7A4F7556}") = "ChristmasLights", "xmaslights\ChristmasLights.csproj", "{2717F0FD-782C-4847-93D1-A0897576761B}"
EndProject
Global
	GlobalSection(SolutionConfigurationPlatforms) = preSolution
		Debug|x64 = Debug|x64
		Release|x64 = Release|x64
	EndGlobalSection
	GlobalSection(ProjectConfigurationPlatforms) = postSolution
		{2717F0FD-782C-4847-93D1-A0897576761B}.Debug|x64.ActiveCfg = Debug|Any CPU
		{2717F0FD-782C-4847-93D1-A0897576761B}.Debug|x64.Build.0 = Debug|Any CPU
		{2717F0FD-782C-4847-93D1-A0897576761B}.Release|x64.ActiveCfg = Release|x64
		{2717F0FD-782C-4847-93D1-A0897576761B}.Release|x64.Build.0 = Release|x64
	EndGlobalSection
	GlobalSection(SolutionProperties) = preSolution
		HideSolutionNode = FALSE
	EndGlobalSection
	GlobalSection(ExtensibilityGlobals) = postSolution
		SolutionGuid = {8CA06AEF-3B0B-4E7A-BD77-E94725EFF19E}
	EndGlobalSection
EndGlobal
