
Microsoft Visual Studio Solution File, Format Version 10.00
# Visual Studio 2008
Project("{FAE04EC0-301F-11D3-BF4B-00C04F79EFBC}") = "ChristmasLights", "xmaslights\ChristmasLights.csproj", "{2717F0FD-782C-4847-93D1-A0897576761B}"
EndProject
Global
	GlobalSection(TeamFoundationVersionControl) = preSolution
		SccNumberOfProjects = 2
		SccEnterpriseProvider = {4CA58AB2-18FA-4F8D-95D4-32DDF27D184C}
		SccTeamFoundationServer = https://tfs03.codeplex.com/
		SccLocalPath0 = .
		SccProjectUniqueName1 = xmaslights\\ChristmasLights.csproj
		SccProjectName1 = xmaslights
		SccLocalPath1 = xmaslights
	EndGlobalSection
	GlobalSection(SolutionConfigurationPlatforms) = preSolution
		Debug|Any CPU = Debug|Any CPU
		Release|Any CPU = Release|Any CPU
	EndGlobalSection
	GlobalSection(ProjectConfigurationPlatforms) = postSolution
		{2717F0FD-782C-4847-93D1-A0897576761B}.Debug|Any CPU.ActiveCfg = Debug|Any CPU
		{2717F0FD-782C-4847-93D1-A0897576761B}.Debug|Any CPU.Build.0 = Debug|Any CPU
		{2717F0FD-782C-4847-93D1-A0897576761B}.Release|Any CPU.ActiveCfg = Release|Any CPU
		{2717F0FD-782C-4847-93D1-A0897576761B}.Release|Any CPU.Build.0 = Release|Any CPU
	EndGlobalSection
	GlobalSection(SolutionProperties) = preSolution
		HideSolutionNode = FALSE
	EndGlobalSection
EndGlobal
